Microsoft Visual Studio Solution File, Format Version 12.00
# Visual Studio 2012
Project("{FAE04EC0-301F-11D3-BF4B-00C04F79EFBC}") = "ProjectSpace", "ProjectSpace.csproj", "{2CC51FDF-93E7-4F9E-98DE-35A732250A54}"
EndProject
Global
	GlobalSection(SolutionConfigurationPlatforms) = preSolution
	Debug|Any CPU = Debug|Any CPU
	ExportDebug|Any CPU = ExportDebug|Any CPU
	ExportRelease|Any CPU = ExportRelease|Any CPU
	EndGlobalSection
	GlobalSection(ProjectConfigurationPlatforms) = postSolution
		{2CC51FDF-93E7-4F9E-98DE-35A732250A54}.Debug|Any CPU.ActiveCfg = Debug|Any CPU
		{2CC51FDF-93E7-4F9E-98DE-35A732250A54}.Debug|Any CPU.Build.0 = Debug|Any CPU
		{2CC51FDF-93E7-4F9E-98DE-35A732250A54}.ExportDebug|Any CPU.ActiveCfg = ExportDebug|Any CPU
		{2CC51FDF-93E7-4F9E-98DE-35A732250A54}.ExportDebug|Any CPU.Build.0 = ExportDebug|Any CPU
		{2CC51FDF-93E7-4F9E-98DE-35A732250A54}.ExportRelease|Any CPU.ActiveCfg = ExportRelease|Any CPU
		{2CC51FDF-93E7-4F9E-98DE-35A732250A54}.ExportRelease|Any CPU.Build.0 = ExportRelease|Any CPU
	EndGlobalSection
EndGlobal
